
Microsoft Visual Studio Solution File, Format Version 12.00
# Visual Studio Version 17
VisualStudioVersion = 17.14.36908.2 d17.14
MinimumVisualStudioVersion = 10.0.40219.1
Project("{8BC9CEB8-8B4A-11D0-8D11-00A0C91BC942}") = "ClassPractice1", "ClassPractice1\ClassPractice1.vcxproj", "{AA7039F7-A0C8-4B60-ABAB-22158A4CB711}"
EndProject
Project("{8BC9CEB8-8B4A-11D0-8D11-00A0C91BC942}") = "Practice1_2_printer", "Practice1_2_printer\Practice1_2_printer.vcxproj", "{396448F8-F4FF-4F7D-843C-035E7B663D8A}"
EndProject
Project("{8BC9CEB8-8B4A-11D0-8D11-00A0C91BC942}") = "Practice1_3__Rectangle", "Practice1_3__Rectangle\Practice1_3__Rectangle.vcxproj", "{A43AB4B4-87A7-42F5-942B-EFF47BD362A7}"
EndProject
Project("{8BC9CEB8-8B4A-11D0-8D11-00A0C91BC942}") = "Practice1_4_NameCard", "Practice1_4_NameCard\Practice1_4_NameCard.vcxproj", "{A5AF5EA0-7D40-4B45-A641-584B074A2386}"
EndProject
Project("{8BC9CEB8-8B4A-11D0-8D11-00A0C91BC942}") = "Bank", "Bank\Bank.vcxproj", "{F4741F72-E23C-47E2-A714-2F7F298E80A0}"
EndProject
Global
	GlobalSection(SolutionConfigurationPlatforms) = preSolution
		Debug|x64 = Debug|x64
		Debug|x86 = Debug|x86
		Release|x64 = Release|x64
		Release|x86 = Release|x86
	EndGlobalSection
	GlobalSection(ProjectConfigurationPlatforms) = postSolution
		{AA7039F7-A0C8-4B60-ABAB-22158A4CB711}.Debug|x64.ActiveCfg = Debug|x64
		{AA7039F7-A0C8-4B60-ABAB-22158A4CB711}.Debug|x64.Build.0 = Debug|x64
		{AA7039F7-A0C8-4B60-ABAB-22158A4CB711}.Debug|x86.ActiveCfg = Debug|Win32
		{AA7039F7-A0C8-4B60-ABAB-22158A4CB711}.Debug|x86.Build.0 = Debug|Win32
		{AA7039F7-A0C8-4B60-ABAB-22158A4CB711}.Release|x64.ActiveCfg = Release|x64
		{AA7039F7-A0C8-4B60-ABAB-22158A4CB711}.Release|x64.Build.0 = Release|x64
		{AA7039F7-A0C8-4B60-ABAB-22158A4CB711}.Release|x86.ActiveCfg = Release|Win32
		{AA7039F7-A0C8-4B60-ABAB-22158A4CB711}.Release|x86.Build.0 = Release|Win32
		{396448F8-F4FF-4F7D-843C-035E7B663D8A}.Debug|x64.ActiveCfg = Debug|x64
		{396448F8-F4FF-4F7D-843C-035E7B663D8A}.Debug|x64.Build.0 = Debug|x64
		{396448F8-F4FF-4F7D-843C-035E7B663D8A}.Debug|x86.ActiveCfg = Debug|Win32
		{396448F8-F4FF-4F7D-843C-035E7B663D8A}.Debug|x86.Build.0 = Debug|Win32
		{396448F8-F4FF-4F7D-843C-035E7B663D8A}.Release|x64.ActiveCfg = Release|x64
		{396448F8-F4FF-4F7D-843C-035E7B663D8A}.Release|x64.Build.0 = Release|x64
		{396448F8-F4FF-4F7D-843C-035E7B663D8A}.Release|x86.ActiveCfg = Release|Win32
		{396448F8-F4FF-4F7D-843C-035E7B663D8A}.Release|x86.Build.0 = Release|Win32
		{A43AB4B4-87A7-42F5-942B-EFF47BD362A7}.Debug|x64.ActiveCfg = Debug|x64
		{A43AB4B4-87A7-42F5-942B-EFF47BD362A7}.Debug|x64.Build.0 = Debug|x64
		{A43AB4B4-87A7-42F5-942B-EFF47BD362A7}.Debug|x86.ActiveCfg = Debug|Win32
		{A43AB4B4-87A7-42F5-942B-EFF47BD362A7}.Debug|x86.Build.0 = Debug|Win32
		{A43AB4B4-87A7-42F5-942B-EFF47BD362A7}.Release|x64.ActiveCfg = Release|x64
		{A43AB4B4-87A7-42F5-942B-EFF47BD362A7}.Release|x64.Build.0 = Release|x64
		{A43AB4B4-87A7-42F5-942B-EFF47BD362A7}.Release|x86.ActiveCfg = Release|Win32
		{A43AB4B4-87A7-42F5-942B-EFF47BD362A7}.Release|x86.Build.0 = Release|Win32
		{A5AF5EA0-7D40-4B45-A641-584B074A2386}.Debug|x64.ActiveCfg = Debug|x64
		{A5AF5EA0-7D40-4B45-A641-584B074A2386}.Debug|x64.Build.0 = Debug|x64
		{A5AF5EA0-7D40-4B45-A641-584B074A2386}.Debug|x86.ActiveCfg = Debug|Win32
		{A5AF5EA0-7D40-4B45-A641-584B074A2386}.Debug|x86.Build.0 = Debug|Win32
		{A5AF5EA0-7D40-4B45-A641-584B074A2386}.Release|x64.ActiveCfg = Release|x64
		{A5AF5EA0-7D40-4B45-A641-584B074A2386}.Release|x64.Build.0 = Release|x64
		{A5AF5EA0-7D40-4B45-A641-584B074A2386}.Release|x86.ActiveCfg = Release|Win32
		{A5AF5EA0-7D40-4B45-A641-584B074A2386}.Release|x86.Build.0 = Release|Win32
		{F4741F72-E23C-47E2-A714-2F7F298E80A0}.Debug|x64.ActiveCfg = Debug|x64
		{F4741F72-E23C-47E2-A714-2F7F298E80A0}.Debug|x64.Build.0 = Debug|x64
		{F4741F72-E23C-47E2-A714-2F7F298E80A0}.Debug|x86.ActiveCfg = Debug|Win32
		{F4741F72-E23C-47E2-A714-2F7F298E80A0}.Debug|x86.Build.0 = Debug|Win32
		{F4741F72-E23C-47E2-A714-2F7F298E80A0}.Release|x64.ActiveCfg = Release|x64
		{F4741F72-E23C-47E2-A714-2F7F298E80A0}.Release|x64.Build.0 = Release|x64
		{F4741F72-E23C-47E2-A714-2F7F298E80A0}.Release|x86.ActiveCfg = Release|Win32
		{F4741F72-E23C-47E2-A714-2F7F298E80A0}.Release|x86.Build.0 = Release|Win32
	EndGlobalSection
	GlobalSection(SolutionProperties) = preSolution
		HideSolutionNode = FALSE
	EndGlobalSection
	GlobalSection(ExtensibilityGlobals) = postSolution
		SolutionGuid = {143C1C5F-B18A-48F8-8D08-ECDCE94CE7DE}
	EndGlobalSection
EndGlobal
